
Microsoft Visual Studio Solution File, Format Version 12.00
# Visual Studio Express 2012 for Windows Desktop
Project("{FAE04EC0-301F-11D3-BF4B-00C04F79EFBC}") = "labeshAssigbnment2", "2FormAssignment2\labeshAssigbnment2.csproj", "{9439E83D-E665-4B4D-AFF9-FE4785AD5DE4}"
EndProject
Global
	GlobalSection(SolutionConfigurationPlatforms) = preSolution
		Debug|Any CPU = Debug|Any CPU
		Release|Any CPU = Release|Any CPU
	EndGlobalSection
	GlobalSection(ProjectConfigurationPlatforms) = postSolution
		{9439E83D-E665-4B4D-AFF9-FE4785AD5DE4}.Debug|Any CPU.ActiveCfg = Debug|Any CPU
		{9439E83D-E665-4B4D-AFF9-FE4785AD5DE4}.Debug|Any CPU.Build.0 = Debug|Any CPU
		{9439E83D-E665-4B4D-AFF9-FE4785AD5DE4}.Release|Any CPU.ActiveCfg = Release|Any CPU
		{9439E83D-E665-4B4D-AFF9-FE4785AD5DE4}.Release|Any CPU.Build.0 = Release|Any CPU
	EndGlobalSection
	GlobalSection(SolutionProperties) = preSolution
		HideSolutionNode = FALSE
	EndGlobalSection
EndGlobal
